
Microsoft Visual Studio Solution File, Format Version 12.00
# Visual Studio Version 16
VisualStudioVersion = 16.0.29102.190
MinimumVisualStudioVersion = 10.0.40219.1
Project("{FAE04EC0-301F-11D3-BF4B-00C04F79EFBC}") = "MovieLibrary.Winforms", "MovieLibrary\MovieLibrary.Winforms.csproj", "{B581EB38-11CF-4078-B459-ED50C879657C}"
EndProject
Project("{FAE04EC0-301F-11D3-BF4B-00C04F79EFBC}") = "MovieLibrary.Business", "MovieLibrary.Business\MovieLibrary.Business.csproj", "{18E57D78-939D-4B79-BE66-B75F559C1A81}"
EndProject
Global
	GlobalSection(SolutionConfigurationPlatforms) = preSolution
		Debug|Any CPU = Debug|Any CPU
		Release|Any CPU = Release|Any CPU
	EndGlobalSection
	GlobalSection(ProjectConfigurationPlatforms) = postSolution
		{B581EB38-11CF-4078-B459-ED50C879657C}.Debug|Any CPU.ActiveCfg = Debug|Any CPU
		{B581EB38-11CF-4078-B459-ED50C879657C}.Debug|Any CPU.Build.0 = Debug|Any CPU
		{B581EB38-11CF-4078-B459-ED50C879657C}.Release|Any CPU.ActiveCfg = Release|Any CPU
		{B581EB38-11CF-4078-B459-ED50C879657C}.Release|Any CPU.Build.0 = Release|Any CPU
		{18E57D78-939D-4B79-BE66-B75F559C1A81}.Debug|Any CPU.ActiveCfg = Debug|Any CPU
		{18E57D78-939D-4B79-BE66-B75F559C1A81}.Debug|Any CPU.Build.0 = Debug|Any CPU
		{18E57D78-939D-4B79-BE66-B75F559C1A81}.Release|Any CPU.ActiveCfg = Release|Any CPU
		{18E57D78-939D-4B79-BE66-B75F559C1A81}.Release|Any CPU.Build.0 = Release|Any CPU
	EndGlobalSection
	GlobalSection(SolutionProperties) = preSolution
		HideSolutionNode = FALSE
	EndGlobalSection
	GlobalSection(ExtensibilityGlobals) = postSolution
		SolutionGuid = {96881494-8A71-4815-B64C-9E41C5085910}
	EndGlobalSection
EndGlobal
