
Microsoft Visual Studio Solution File, Format Version 12.00
# Visual Studio Version 16
VisualStudioVersion = 16.0.29728.190
MinimumVisualStudioVersion = 10.0.40219.1
Project("{FAE04EC0-301F-11D3-BF4B-00C04F79EFBC}") = "CharacterCreator.Winforms", "CharacterCreator.Winforms\CharacterCreator.Winforms.csproj", "{6E077475-C96B-47EA-B16E-35F35A62E48C}"
EndProject
Global
	GlobalSection(SolutionConfigurationPlatforms) = preSolution
		Debug|Any CPU = Debug|Any CPU
		Release|Any CPU = Release|Any CPU
	EndGlobalSection
	GlobalSection(ProjectConfigurationPlatforms) = postSolution
		{6E077475-C96B-47EA-B16E-35F35A62E48C}.Debug|Any CPU.ActiveCfg = Debug|Any CPU
		{6E077475-C96B-47EA-B16E-35F35A62E48C}.Debug|Any CPU.Build.0 = Debug|Any CPU
		{6E077475-C96B-47EA-B16E-35F35A62E48C}.Release|Any CPU.ActiveCfg = Release|Any CPU
		{6E077475-C96B-47EA-B16E-35F35A62E48C}.Release|Any CPU.Build.0 = Release|Any CPU
	EndGlobalSection
	GlobalSection(SolutionProperties) = preSolution
		HideSolutionNode = FALSE
	EndGlobalSection
	GlobalSection(ExtensibilityGlobals) = postSolution
		SolutionGuid = {43323F68-0F6E-4643-B75A-38BA26DA14D9}
	EndGlobalSection
EndGlobal
